
Microsoft Visual Studio Solution File, Format Version 11.00
# Visual Studio 2010
Project("{F184B08F-C81C-45F6-A57F-5ABD9991F28F}") = "HTML to XAML Converter", "HTML to XAML Converter.vbproj", "{80FF08EE-EB1C-4CED-BB57-CD4BDCB0BA55}"
EndProject
Project("{F184B08F-C81C-45F6-A57F-5ABD9991F28F}") = "Test Console", "Test Console\Test Console.vbproj", "{83363464-33FF-4171-B39D-FCF7539C566B}"
EndProject
Global
	GlobalSection(SubversionScc) = preSolution
		Svn-Managed = True
		Manager = AnkhSVN - Subversion Support for Visual Studio
	EndGlobalSection
	GlobalSection(SolutionConfigurationPlatforms) = preSolution
		Debug|Any CPU = Debug|Any CPU
		Debug|x86 = Debug|x86
		Release|Any CPU = Release|Any CPU
		Release|x86 = Release|x86
	EndGlobalSection
	GlobalSection(ProjectConfigurationPlatforms) = postSolution
		{80FF08EE-EB1C-4CED-BB57-CD4BDCB0BA55}.Debug|Any CPU.ActiveCfg = Debug|Any CPU
		{80FF08EE-EB1C-4CED-BB57-CD4BDCB0BA55}.Debug|Any CPU.Build.0 = Debug|Any CPU
		{80FF08EE-EB1C-4CED-BB57-CD4BDCB0BA55}.Debug|x86.ActiveCfg = Debug|x86
		{80FF08EE-EB1C-4CED-BB57-CD4BDCB0BA55}.Debug|x86.Build.0 = Debug|x86
		{80FF08EE-EB1C-4CED-BB57-CD4BDCB0BA55}.Release|Any CPU.ActiveCfg = Release|Any CPU
		{80FF08EE-EB1C-4CED-BB57-CD4BDCB0BA55}.Release|Any CPU.Build.0 = Release|Any CPU
		{80FF08EE-EB1C-4CED-BB57-CD4BDCB0BA55}.Release|x86.ActiveCfg = Release|x86
		{80FF08EE-EB1C-4CED-BB57-CD4BDCB0BA55}.Release|x86.Build.0 = Release|x86
		{83363464-33FF-4171-B39D-FCF7539C566B}.Debug|Any CPU.ActiveCfg = Debug|x86
		{83363464-33FF-4171-B39D-FCF7539C566B}.Debug|x86.ActiveCfg = Debug|x86
		{83363464-33FF-4171-B39D-FCF7539C566B}.Debug|x86.Build.0 = Debug|x86
		{83363464-33FF-4171-B39D-FCF7539C566B}.Release|Any CPU.ActiveCfg = Release|x86
		{83363464-33FF-4171-B39D-FCF7539C566B}.Release|x86.ActiveCfg = Release|x86
	EndGlobalSection
	GlobalSection(SolutionProperties) = preSolution
		HideSolutionNode = FALSE
	EndGlobalSection
EndGlobal
